// !$*UTF8*$!
{
	archiveVersion = 1;
	classes = {
	};
	objectVersion = 55;
	objects = {

/* Begin PBXBuildFile section */
		1916D1882983D7A700F696E3 /* MapViewVC.swift in Sources */ = {isa = PBXBuildFile; fileRef = 1916D1872983D7A700F696E3 /* MapViewVC.swift */; };
		1916D1942987DB7800F696E3 /* GoogleService-Info.plist in Resources */ = {isa = PBXBuildFile; fileRef = 1916D1932987DB7800F696E3 /* GoogleService-Info.plist */; };
		19399234298310AB00660DDE /* ListingDetail.storyboard in Resources */ = {isa = PBXBuildFile; fileRef = 19399233298310AB00660DDE /* ListingDetail.storyboard */; };
		19399236298310C600660DDE /* ListingDetailVC.swift in Sources */ = {isa = PBXBuildFile; fileRef = 19399235298310C600660DDE /* ListingDetailVC.swift */; };
		194DBBA12981BBA800353FF3 /* AppDelegate.swift in Sources */ = {isa = PBXBuildFile; fileRef = 194DBBA02981BBA800353FF3 /* AppDelegate.swift */; };
		194DBBA32981BBA800353FF3 /* SceneDelegate.swift in Sources */ = {isa = PBXBuildFile; fileRef = 194DBBA22981BBA800353FF3 /* SceneDelegate.swift */; };
		194DBBA52981BBA800353FF3 /* ViewController.swift in Sources */ = {isa = PBXBuildFile; fileRef = 194DBBA42981BBA800353FF3 /* ViewController.swift */; };
		194DBBA82981BBA800353FF3 /* Main.storyboard in Resources */ = {isa = PBXBuildFile; fileRef = 194DBBA62981BBA800353FF3 /* Main.storyboard */; };
		194DBBAA2981BBA900353FF3 /* Assets.xcassets in Resources */ = {isa = PBXBuildFile; fileRef = 194DBBA92981BBA900353FF3 /* Assets.xcassets */; };
		194DBBAD2981BBA900353FF3 /* LaunchScreen.storyboard in Resources */ = {isa = PBXBuildFile; fileRef = 194DBBAB2981BBA900353FF3 /* LaunchScreen.storyboard */; };
		194DBBB52981BCDA00353FF3 /* Colors.xcassets in Resources */ = {isa = PBXBuildFile; fileRef = 194DBBB42981BCDA00353FF3 /* Colors.xcassets */; };
		194DBBBB2982C2AA00353FF3 /* Colors.swift in Sources */ = {isa = PBXBuildFile; fileRef = 194DBBBA2982C2AA00353FF3 /* Colors.swift */; };
		194DBBBD2982D9BE00353FF3 /* HomeViewController.swift in Sources */ = {isa = PBXBuildFile; fileRef = 194DBBBC2982D9BE00353FF3 /* HomeViewController.swift */; };
		194DBBC02982E10100353FF3 /* TableViewCustomCell.xib in Resources */ = {isa = PBXBuildFile; fileRef = 194DBBBF2982E10100353FF3 /* TableViewCustomCell.xib */; };
		194DBBC22982E13800353FF3 /* TableViewCustomCell.swift in Sources */ = {isa = PBXBuildFile; fileRef = 194DBBC12982E13800353FF3 /* TableViewCustomCell.swift */; };
		194DBBC42982EDCA00353FF3 /* PropertyDataClass.swift in Sources */ = {isa = PBXBuildFile; fileRef = 194DBBC32982EDCA00353FF3 /* PropertyDataClass.swift */; };
		194DBBC62982FF2C00353FF3 /* tripitacaData.json in Resources */ = {isa = PBXBuildFile; fileRef = 194DBBC52982FF2C00353FF3 /* tripitacaData.json */; };
		194DBBC92983024500353FF3 /* DataLoader.swift in Sources */ = {isa = PBXBuildFile; fileRef = 194DBBC82983024500353FF3 /* DataLoader.swift */; };
		E78512C2AB06E7C1C2FD7516 /* Pods_Tripitaca.framework in Frameworks */ = {isa = PBXBuildFile; fileRef = C1D3AAA4D58463C2854D23B4 /* Pods_Tripitaca.framework */; };
/* End PBXBuildFile section */

/* Begin PBXFileReference section */
		1916D1872983D7A700F696E3 /* MapViewVC.swift */ = {isa = PBXFileReference; lastKnownFileType = sourcecode.swift; path = MapViewVC.swift; sourceTree = "<group>"; };
		1916D18B2987D72D00F696E3 /* Tripitaca-Bridging-Header.h */ = {isa = PBXFileReference; lastKnownFileType = sourcecode.c.h; path = "Tripitaca-Bridging-Header.h"; sourceTree = "<group>"; };
		1916D1932987DB7800F696E3 /* GoogleService-Info.plist */ = {isa = PBXFileReference; fileEncoding = 4; lastKnownFileType = text.plist.xml; path = "GoogleService-Info.plist"; sourceTree = "<group>"; };
		19399233298310AB00660DDE /* ListingDetail.storyboard */ = {isa = PBXFileReference; lastKnownFileType = file.storyboard; path = ListingDetail.storyboard; sourceTree = "<group>"; };
		19399235298310C600660DDE /* ListingDetailVC.swift */ = {isa = PBXFileReference; lastKnownFileType = sourcecode.swift; path = ListingDetailVC.swift; sourceTree = "<group>"; };
		194DBB9D2981BBA800353FF3 /* Tripitaca.app */ = {isa = PBXFileReference; explicitFileType = wrapper.application; includeInIndex = 0; path = Tripitaca.app; sourceTree = BUILT_PRODUCTS_DIR; };
		194DBBA02981BBA800353FF3 /* AppDelegate.swift */ = {isa = PBXFileReference; lastKnownFileType = sourcecode.swift; path = AppDelegate.swift; sourceTree = "<group>"; };
		194DBBA22981BBA800353FF3 /* SceneDelegate.swift */ = {isa = PBXFileReference; lastKnownFileType = sourcecode.swift; path = SceneDelegate.swift; sourceTree = "<group>"; };
		194DBBA42981BBA800353FF3 /* ViewController.swift */ = {isa = PBXFileReference; lastKnownFileType = sourcecode.swift; path = ViewController.swift; sourceTree = "<group>"; };
		194DBBA72981BBA800353FF3 /* Base */ = {isa = PBXFileReference; lastKnownFileType = file.storyboard; name = Base; path = Base.lproj/Main.storyboard; sourceTree = "<group>"; };
		194DBBA92981BBA900353FF3 /* Assets.xcassets */ = {isa = PBXFileReference; lastKnownFileType = folder.assetcatalog; path = Assets.xcassets; sourceTree = "<group>"; };
		194DBBAC2981BBA900353FF3 /* Base */ = {isa = PBXFileReference; lastKnownFileType = file.storyboard; name = Base; path = Base.lproj/LaunchScreen.storyboard; sourceTree = "<group>"; };
		194DBBAE2981BBA900353FF3 /* Info.plist */ = {isa = PBXFileReference; lastKnownFileType = text.plist.xml; path = Info.plist; sourceTree = "<group>"; };
		194DBBB42981BCDA00353FF3 /* Colors.xcassets */ = {isa = PBXFileReference; lastKnownFileType = folder.assetcatalog; path = Colors.xcassets; sourceTree = "<group>"; };
		194DBBBA2982C2AA00353FF3 /* Colors.swift */ = {isa = PBXFileReference; lastKnownFileType = sourcecode.swift; path = Colors.swift; sourceTree = "<group>"; };
		194DBBBC2982D9BE00353FF3 /* HomeViewController.swift */ = {isa = PBXFileReference; lastKnownFileType = sourcecode.swift; path = HomeViewController.swift; sourceTree = "<group>"; };
		194DBBBF2982E10100353FF3 /* TableViewCustomCell.xib */ = {isa = PBXFileReference; lastKnownFileType = file.xib; path = TableViewCustomCell.xib; sourceTree = "<group>"; };
		194DBBC12982E13800353FF3 /* TableViewCustomCell.swift */ = {isa = PBXFileReference; lastKnownFileType = sourcecode.swift; path = TableViewCustomCell.swift; sourceTree = "<group>"; };
		194DBBC32982EDCA00353FF3 /* PropertyDataClass.swift */ = {isa = PBXFileReference; lastKnownFileType = sourcecode.swift; path = PropertyDataClass.swift; sourceTree = "<group>"; };
		194DBBC52982FF2C00353FF3 /* tripitacaData.json */ = {isa = PBXFileReference; fileEncoding = 4; lastKnownFileType = text.json; path = tripitacaData.json; sourceTree = "<group>"; };
		194DBBC82983024500353FF3 /* DataLoader.swift */ = {isa = PBXFileReference; lastKnownFileType = sourcecode.swift; path = DataLoader.swift; sourceTree = "<group>"; };
		C1D3AAA4D58463C2854D23B4 /* Pods_Tripitaca.framework */ = {isa = PBXFileReference; explicitFileType = wrapper.framework; includeInIndex = 0; path = Pods_Tripitaca.framework; sourceTree = BUILT_PRODUCTS_DIR; };
		E96C0FB9D3B98C0809405543 /* Pods-Tripitaca.release.xcconfig */ = {isa = PBXFileReference; includeInIndex = 1; lastKnownFileType = text.xcconfig; name = "Pods-Tripitaca.release.xcconfig"; path = "Target Support Files/Pods-Tripitaca/Pods-Tripitaca.release.xcconfig"; sourceTree = "<group>"; };
		F85A005CECAB06C951D0AD28 /* Pods-Tripitaca.debug.xcconfig */ = {isa = PBXFileReference; includeInIndex = 1; lastKnownFileType = text.xcconfig; name = "Pods-Tripitaca.debug.xcconfig"; path = "Target Support Files/Pods-Tripitaca/Pods-Tripitaca.debug.xcconfig"; sourceTree = "<group>"; };
/* End PBXFileReference section */

/* Begin PBXFrameworksBuildPhase section */
		194DBB9A2981BBA800353FF3 /* Frameworks */ = {
			isa = PBXFrameworksBuildPhase;
			buildActionMask = 2147483647;
			files = (
				E78512C2AB06E7C1C2FD7516 /* Pods_Tripitaca.framework in Frameworks */,
			);
			runOnlyForDeploymentPostprocessing = 0;
		};
/* End PBXFrameworksBuildPhase section */

/* Begin PBXGroup section */
		194DBB942981BBA800353FF3 = {
			isa = PBXGroup;
			children = (
				1916D1932987DB7800F696E3 /* GoogleService-Info.plist */,
				194DBB9F2981BBA800353FF3 /* Tripitaca */,
				194DBB9E2981BBA800353FF3 /* Products */,
				38553953C4A4A357942EF900 /* Pods */,
				9585A5F4CBD194C3A73E9218 /* Frameworks */,
			);
			sourceTree = "<group>";
		};
		194DBB9E2981BBA800353FF3 /* Products */ = {
			isa = PBXGroup;
			children = (
				194DBB9D2981BBA800353FF3 /* Tripitaca.app */,
			);
			name = Products;
			sourceTree = "<group>";
		};
		194DBB9F2981BBA800353FF3 /* Tripitaca */ = {
			isa = PBXGroup;
			children = (
				194DBBC72982FF4200353FF3 /* resources */,
				194DBBB92982C28500353FF3 /* utils */,
				194DBBB82982C27500353FF3 /* controller */,
				194DBBB72982C26C00353FF3 /* view */,
				194DBBB62982C25B00353FF3 /* model */,
				194DBBA02981BBA800353FF3 /* AppDelegate.swift */,
				194DBBA22981BBA800353FF3 /* SceneDelegate.swift */,
				194DBBA92981BBA900353FF3 /* Assets.xcassets */,
				194DBBB42981BCDA00353FF3 /* Colors.xcassets */,
				194DBBAB2981BBA900353FF3 /* LaunchScreen.storyboard */,
				194DBBAE2981BBA900353FF3 /* Info.plist */,
				1916D18B2987D72D00F696E3 /* Tripitaca-Bridging-Header.h */,
			);
			path = Tripitaca;
			sourceTree = "<group>";
		};
		194DBBB62982C25B00353FF3 /* model */ = {
			isa = PBXGroup;
			children = (
				194DBBC32982EDCA00353FF3 /* PropertyDataClass.swift */,
			);
			path = model;
			sourceTree = "<group>";
		};
		194DBBB72982C26C00353FF3 /* view */ = {
			isa = PBXGroup;
			children = (
				194DBBBE2982E0C200353FF3 /* customViews */,
				194DBBA62981BBA800353FF3 /* Main.storyboard */,
				19399233298310AB00660DDE /* ListingDetail.storyboard */,
			);
			path = view;
			sourceTree = "<group>";
		};
		194DBBB82982C27500353FF3 /* controller */ = {
			isa = PBXGroup;
			children = (
				194DBBA42981BBA800353FF3 /* ViewController.swift */,
				194DBBBC2982D9BE00353FF3 /* HomeViewController.swift */,
				19399235298310C600660DDE /* ListingDetailVC.swift */,
				1916D1872983D7A700F696E3 /* MapViewVC.swift */,
			);
			path = controller;
			sourceTree = "<group>";
		};
		194DBBB92982C28500353FF3 /* utils */ = {
			isa = PBXGroup;
			children = (
				194DBBBA2982C2AA00353FF3 /* Colors.swift */,
				194DBBC82983024500353FF3 /* DataLoader.swift */,
			);
			path = utils;
			sourceTree = "<group>";
		};
		194DBBBE2982E0C200353FF3 /* customViews */ = {
			isa = PBXGroup;
			children = (
				194DBBBF2982E10100353FF3 /* TableViewCustomCell.xib */,
				194DBBC12982E13800353FF3 /* TableViewCustomCell.swift */,
			);
			path = customViews;
			sourceTree = "<group>";
		};
		194DBBC72982FF4200353FF3 /* resources */ = {
			isa = PBXGroup;
			children = (
				194DBBC52982FF2C00353FF3 /* tripitacaData.json */,
			);
			path = resources;
			sourceTree = "<group>";
		};
		38553953C4A4A357942EF900 /* Pods */ = {
			isa = PBXGroup;
			children = (
				F85A005CECAB06C951D0AD28 /* Pods-Tripitaca.debug.xcconfig */,
				E96C0FB9D3B98C0809405543 /* Pods-Tripitaca.release.xcconfig */,
			);
			path = Pods;
			sourceTree = "<group>";
		};
		9585A5F4CBD194C3A73E9218 /* Frameworks */ = {
			isa = PBXGroup;
			children = (
				C1D3AAA4D58463C2854D23B4 /* Pods_Tripitaca.framework */,
			);
			name = Frameworks;
			sourceTree = "<group>";
		};
/* End PBXGroup section */

/* Begin PBXNativeTarget section */
		194DBB9C2981BBA800353FF3 /* Tripitaca */ = {
			isa = PBXNativeTarget;
			buildConfigurationList = 194DBBB12981BBA900353FF3 /* Build configuration list for PBXNativeTarget "Tripitaca" */;
			buildPhases = (
				2182657FD461D1C9D74612A4 /* [CP] Check Pods Manifest.lock */,
				194DBB992981BBA800353FF3 /* Sources */,
				194DBB9A2981BBA800353FF3 /* Frameworks */,
				194DBB9B2981BBA800353FF3 /* Resources */,
				6B1748483EAB9E19B3D72576 /* [CP] Embed Pods Frameworks */,
				5EBC7EF355A99CDCAC64F535 /* [CP] Copy Pods Resources */,
			);
			buildRules = (
			);
			dependencies = (
			);
			name = Tripitaca;
			productName = Tripitaca;
			productReference = 194DBB9D2981BBA800353FF3 /* Tripitaca.app */;
			productType = "com.apple.product-type.application";
		};
/* End PBXNativeTarget section */

/* Begin PBXProject section */
		194DBB952981BBA800353FF3 /* Project object */ = {
			isa = PBXProject;
			attributes = {
				BuildIndependentTargetsInParallel = 1;
				LastSwiftUpdateCheck = 1420;
				LastUpgradeCheck = 1420;
				TargetAttributes = {
					194DBB9C2981BBA800353FF3 = {
						CreatedOnToolsVersion = 14.2;
						LastSwiftMigration = 1420;
					};
				};
			};
			buildConfigurationList = 194DBB982981BBA800353FF3 /* Build configuration list for PBXProject "Tripitaca" */;
			compatibilityVersion = "Xcode 13.0";
			developmentRegion = en;
			hasScannedForEncodings = 0;
			knownRegions = (
				en,
				Base,
			);
			mainGroup = 194DBB942981BBA800353FF3;
			productRefGroup = 194DBB9E2981BBA800353FF3 /* Products */;
			projectDirPath = "";
			projectRoot = "";
			targets = (
				194DBB9C2981BBA800353FF3 /* Tripitaca */,
			);
		};
/* End PBXProject section */

/* Begin PBXResourcesBuildPhase section */
		194DBB9B2981BBA800353FF3 /* Resources */ = {
			isa = PBXResourcesBuildPhase;
			buildActionMask = 2147483647;
			files = (
				194DBBAD2981BBA900353FF3 /* LaunchScreen.storyboard in Resources */,
				1916D1942987DB7800F696E3 /* GoogleService-Info.plist in Resources */,
				194DBBC02982E10100353FF3 /* TableViewCustomCell.xib in Resources */,
				194DBBB52981BCDA00353FF3 /* Colors.xcassets in Resources */,
				194DBBAA2981BBA900353FF3 /* Assets.xcassets in Resources */,
				194DBBA82981BBA800353FF3 /* Main.storyboard in Resources */,
				19399234298310AB00660DDE /* ListingDetail.storyboard in Resources */,
				194DBBC62982FF2C00353FF3 /* tripitacaData.json in Resources */,
			);
			runOnlyForDeploymentPostprocessing = 0;
		};
/* End PBXResourcesBuildPhase section */

/* Begin PBXShellScriptBuildPhase section */
		2182657FD461D1C9D74612A4 /* [CP] Check Pods Manifest.lock */ = {
			isa = PBXShellScriptBuildPhase;
			buildActionMask = 2147483647;
			files = (
			);
			inputFileListPaths = (
			);
			inputPaths = (
				"${PODS_PODFILE_DIR_PATH}/Podfile.lock",
				"${PODS_ROOT}/Manifest.lock",
			);
			name = "[CP] Check Pods Manifest.lock";
			outputFileListPaths = (
			);
			outputPaths = (
				"$(DERIVED_FILE_DIR)/Pods-Tripitaca-checkManifestLockResult.txt",
			);
			runOnlyForDeploymentPostprocessing = 0;
			shellPath = /bin/sh;
			shellScript = "diff \"${PODS_PODFILE_DIR_PATH}/Podfile.lock\" \"${PODS_ROOT}/Manifest.lock\" > /dev/null\nif [ $? != 0 ] ; then\n    # print error to STDERR\n    echo \"error: The sandbox is not in sync with the Podfile.lock. Run 'pod install' or update your CocoaPods installation.\" >&2\n    exit 1\nfi\n# This output is used by Xcode 'outputs' to avoid re-running this script phase.\necho \"SUCCESS\" > \"${SCRIPT_OUTPUT_FILE_0}\"\n";
			showEnvVarsInLog = 0;
		};
		5EBC7EF355A99CDCAC64F535 /* [CP] Copy Pods Resources */ = {
			isa = PBXShellScriptBuildPhase;
			buildActionMask = 2147483647;
			files = (
			);
			inputFileListPaths = (
				"${PODS_ROOT}/Target Support Files/Pods-Tripitaca/Pods-Tripitaca-resources-${CONFIGURATION}-input-files.xcfilelist",
			);
			name = "[CP] Copy Pods Resources";
			outputFileListPaths = (
				"${PODS_ROOT}/Target Support Files/Pods-Tripitaca/Pods-Tripitaca-resources-${CONFIGURATION}-output-files.xcfilelist",
			);
			runOnlyForDeploymentPostprocessing = 0;
			shellPath = /bin/sh;
			shellScript = "\"${PODS_ROOT}/Target Support Files/Pods-Tripitaca/Pods-Tripitaca-resources.sh\"\n";
			showEnvVarsInLog = 0;
		};
		6B1748483EAB9E19B3D72576 /* [CP] Embed Pods Frameworks */ = {
			isa = PBXShellScriptBuildPhase;
			buildActionMask = 2147483647;
			files = (
			);
			inputFileListPaths = (
				"${PODS_ROOT}/Target Support Files/Pods-Tripitaca/Pods-Tripitaca-frameworks-${CONFIGURATION}-input-files.xcfilelist",
			);
			name = "[CP] Embed Pods Frameworks";
			outputFileListPaths = (
				"${PODS_ROOT}/Target Support Files/Pods-Tripitaca/Pods-Tripitaca-frameworks-${CONFIGURATION}-output-files.xcfilelist",
			);
			runOnlyForDeploymentPostprocessing = 0;
			shellPath = /bin/sh;
			shellScript = "\"${PODS_ROOT}/Target Support Files/Pods-Tripitaca/Pods-Tripitaca-frameworks.sh\"\n";
			showEnvVarsInLog = 0;
		};
/* End PBXShellScriptBuildPhase section */

/* Begin PBXSourcesBuildPhase section */
		194DBB992981BBA800353FF3 /* Sources */ = {
			isa = PBXSourcesBuildPhase;
			buildActionMask = 2147483647;
			files = (
				194DBBC22982E13800353FF3 /* TableViewCustomCell.swift in Sources */,
				194DBBBD2982D9BE00353FF3 /* HomeViewController.swift in Sources */,
				194DBBC42982EDCA00353FF3 /* PropertyDataClass.swift in Sources */,
				194DBBA52981BBA800353FF3 /* ViewController.swift in Sources */,
				1916D1882983D7A700F696E3 /* MapViewVC.swift in Sources */,
				194DBBC92983024500353FF3 /* DataLoader.swift in Sources */,
				19399236298310C600660DDE /* ListingDetailVC.swift in Sources */,
				194DBBBB2982C2AA00353FF3 /* Colors.swift in Sources */,
				194DBBA12981BBA800353FF3 /* AppDelegate.swift in Sources */,
				194DBBA32981BBA800353FF3 /* SceneDelegate.swift in Sources */,
			);
			runOnlyForDeploymentPostprocessing = 0;
		};
/* End PBXSourcesBuildPhase section */

/* Begin PBXVariantGroup section */
		194DBBA62981BBA800353FF3 /* Main.storyboard */ = {
			isa = PBXVariantGroup;
			children = (
				194DBBA72981BBA800353FF3 /* Base */,
			);
			name = Main.storyboard;
			sourceTree = "<group>";
		};
		194DBBAB2981BBA900353FF3 /* LaunchScreen.storyboard */ = {
			isa = PBXVariantGroup;
			children = (
				194DBBAC2981BBA900353FF3 /* Base */,
			);
			name = LaunchScreen.storyboard;
			sourceTree = "<group>";
		};
/* End PBXVariantGroup section */

/* Begin XCBuildConfiguration section */
		194DBBAF2981BBA900353FF3 /* Debug */ = {
			isa = XCBuildConfiguration;
			buildSettings = {
				ALWAYS_SEARCH_USER_PATHS = NO;
				CLANG_ANALYZER_NONNULL = YES;
				CLANG_ANALYZER_NUMBER_OBJECT_CONVERSION = YES_AGGRESSIVE;
				CLANG_CXX_LANGUAGE_STANDARD = "gnu++20";
				CLANG_ENABLE_MODULES = YES;
				CLANG_ENABLE_OBJC_ARC = YES;
				CLANG_ENABLE_OBJC_WEAK = YES;
				CLANG_WARN_BLOCK_CAPTURE_AUTORELEASING = YES;
				CLANG_WARN_BOOL_CONVERSION = YES;
				CLANG_WARN_COMMA = YES;
				CLANG_WARN_CONSTANT_CONVERSION = YES;
				CLANG_WARN_DEPRECATED_OBJC_IMPLEMENTATIONS = YES;
				CLANG_WARN_DIRECT_OBJC_ISA_USAGE = YES_ERROR;
				CLANG_WARN_DOCUMENTATION_COMMENTS = YES;
				CLANG_WARN_EMPTY_BODY = YES;
				CLANG_WARN_ENUM_CONVERSION = YES;
				CLANG_WARN_INFINITE_RECURSION = YES;
				CLANG_WARN_INT_CONVERSION = YES;
				CLANG_WARN_NON_LITERAL_NULL_CONVERSION = YES;
				CLANG_WARN_OBJC_IMPLICIT_RETAIN_SELF = YES;
				CLANG_WARN_OBJC_LITERAL_CONVERSION = YES;
				CLANG_WARN_OBJC_ROOT_CLASS = YES_ERROR;
				CLANG_WARN_QUOTED_INCLUDE_IN_FRAMEWORK_HEADER = YES;
				CLANG_WARN_RANGE_LOOP_ANALYSIS = YES;
				CLANG_WARN_STRICT_PROTOTYPES = YES;
				CLANG_WARN_SUSPICIOUS_MOVE = YES;
				CLANG_WARN_UNGUARDED_AVAILABILITY = YES_AGGRESSIVE;
				CLANG_WARN_UNREACHABLE_CODE = YES;
				CLANG_WARN__DUPLICATE_METHOD_MATCH = YES;
				COPY_PHASE_STRIP = NO;
				DEBUG_INFORMATION_FORMAT = dwarf;
				ENABLE_STRICT_OBJC_MSGSEND = YES;
				ENABLE_TESTABILITY = YES;
				GCC_C_LANGUAGE_STANDARD = gnu11;
				GCC_DYNAMIC_NO_PIC = NO;
				GCC_NO_COMMON_BLOCKS = YES;
				GCC_OPTIMIZATION_LEVEL = 0;
				GCC_PREPROCESSOR_DEFINITIONS = (
					"DEBUG=1",
					"$(inherited)",
				);
				GCC_WARN_64_TO_32_BIT_CONVERSION = YES;
				GCC_WARN_ABOUT_RETURN_TYPE = YES_ERROR;
				GCC_WARN_UNDECLARED_SELECTOR = YES;
				GCC_WARN_UNINITIALIZED_AUTOS = YES_AGGRESSIVE;
				GCC_WARN_UNUSED_FUNCTION = YES;
				GCC_WARN_UNUSED_VARIABLE = YES;
				IPHONEOS_DEPLOYMENT_TARGET = 16.2;
				MTL_ENABLE_DEBUG_INFO = INCLUDE_SOURCE;
				MTL_FAST_MATH = YES;
				ONLY_ACTIVE_ARCH = YES;
				SDKROOT = iphoneos;
				SWIFT_ACTIVE_COMPILATION_CONDITIONS = DEBUG;
				SWIFT_OPTIMIZATION_LEVEL = "-Onone";
			};
			name = Debug;
		};
		194DBBB02981BBA900353FF3 /* Release */ = {
			isa = XCBuildConfiguration;
			buildSettings = {
				ALWAYS_SEARCH_USER_PATHS = NO;
				CLANG_ANALYZER_NONNULL = YES;
				CLANG_ANALYZER_NUMBER_OBJECT_CONVERSION = YES_AGGRESSIVE;
				CLANG_CXX_LANGUAGE_STANDARD = "gnu++20";
				CLANG_ENABLE_MODULES = YES;
				CLANG_ENABLE_OBJC_ARC = YES;
				CLANG_ENABLE_OBJC_WEAK = YES;
				CLANG_WARN_BLOCK_CAPTURE_AUTORELEASING = YES;
				CLANG_WARN_BOOL_CONVERSION = YES;
				CLANG_WARN_COMMA = YES;
				CLANG_WARN_CONSTANT_CONVERSION = YES;
				CLANG_WARN_DEPRECATED_OBJC_IMPLEMENTATIONS = YES;
				CLANG_WARN_DIRECT_OBJC_ISA_USAGE = YES_ERROR;
				CLANG_WARN_DOCUMENTATION_COMMENTS = YES;
				CLANG_WARN_EMPTY_BODY = YES;
				CLANG_WARN_ENUM_CONVERSION = YES;
				CLANG_WARN_INFINITE_RECURSION = YES;
				CLANG_WARN_INT_CONVERSION = YES;
				CLANG_WARN_NON_LITERAL_NULL_CONVERSION = YES;
				CLANG_WARN_OBJC_IMPLICIT_RETAIN_SELF = YES;
				CLANG_WARN_OBJC_LITERAL_CONVERSION = YES;
				CLANG_WARN_OBJC_ROOT_CLASS = YES_ERROR;
				CLANG_WARN_QUOTED_INCLUDE_IN_FRAMEWORK_HEADER = YES;
				CLANG_WARN_RANGE_LOOP_ANALYSIS = YES;
				CLANG_WARN_STRICT_PROTOTYPES = YES;
				CLANG_WARN_SUSPICIOUS_MOVE = YES;
				CLANG_WARN_UNGUARDED_AVAILABILITY = YES_AGGRESSIVE;
				CLANG_WARN_UNREACHABLE_CODE = YES;
				CLANG_WARN__DUPLICATE_METHOD_MATCH = YES;
				COPY_PHASE_STRIP = NO;
				DEBUG_INFORMATION_FORMAT = "dwarf-with-dsym";
				ENABLE_NS_ASSERTIONS = NO;
				ENABLE_STRICT_OBJC_MSGSEND = YES;
				GCC_C_LANGUAGE_STANDARD = gnu11;
				GCC_NO_COMMON_BLOCKS = YES;
				GCC_WARN_64_TO_32_BIT_CONVERSION = YES;
				GCC_WARN_ABOUT_RETURN_TYPE = YES_ERROR;
				GCC_WARN_UNDECLARED_SELECTOR = YES;
				GCC_WARN_UNINITIALIZED_AUTOS = YES_AGGRESSIVE;
				GCC_WARN_UNUSED_FUNCTION = YES;
				GCC_WARN_UNUSED_VARIABLE = YES;
				IPHONEOS_DEPLOYMENT_TARGET = 16.2;
				MTL_ENABLE_DEBUG_INFO = NO;
				MTL_FAST_MATH = YES;
				SDKROOT = iphoneos;
				SWIFT_COMPILATION_MODE = wholemodule;
				SWIFT_OPTIMIZATION_LEVEL = "-O";
				VALIDATE_PRODUCT = YES;
			};
			name = Release;
		};
		194DBBB22981BBA900353FF3 /* Debug */ = {
			isa = XCBuildConfiguration;
			baseConfigurationReference = F85A005CECAB06C951D0AD28 /* Pods-Tripitaca.debug.xcconfig */;
			buildSettings = {
				ASSETCATALOG_COMPILER_APPICON_NAME = AppIcon;
				ASSETCATALOG_COMPILER_GLOBAL_ACCENT_COLOR_NAME = AccentColor;
				CLANG_ENABLE_MODULES = YES;
				CODE_SIGN_STYLE = Automatic;
				CURRENT_PROJECT_VERSION = 1;
				DEVELOPMENT_TEAM = H7NFHG83A7;
				GENERATE_INFOPLIST_FILE = YES;
				INFOPLIST_FILE = Tripitaca/Info.plist;
				INFOPLIST_KEY_UIApplicationSupportsIndirectInputEvents = YES;
				INFOPLIST_KEY_UILaunchStoryboardName = LaunchScreen;
				INFOPLIST_KEY_UIMainStoryboardFile = Main;
				INFOPLIST_KEY_UISupportedInterfaceOrientations = UIInterfaceOrientationPortrait;
				INFOPLIST_KEY_UISupportedInterfaceOrientations_iPad = "UIInterfaceOrientationPortrait UIInterfaceOrientationPortraitUpsideDown";
				LD_RUNPATH_SEARCH_PATHS = (
					"$(inherited)",
					"@executable_path/Frameworks",
				);
				MARKETING_VERSION = 1.0;
				PRODUCT_BUNDLE_IDENTIFIER = dev.ios.Tripitaca;
				PRODUCT_NAME = "$(TARGET_NAME)";
				SWIFT_EMIT_LOC_STRINGS = YES;
				SWIFT_OBJC_BRIDGING_HEADER = "Tripitaca/Tripitaca-Bridging-Header.h";
				SWIFT_OPTIMIZATION_LEVEL = "-Onone";
				SWIFT_VERSION = 5.0;
				TARGETED_DEVICE_FAMILY = "1,2";
			};
			name = Debug;
		};
		194DBBB32981BBA900353FF3 /* Release */ = {
			isa = XCBuildConfiguration;
			baseConfigurationReference = E96C0FB9D3B98C0809405543 /* Pods-Tripitaca.release.xcconfig */;
			buildSettings = {
				ASSETCATALOG_COMPILER_APPICON_NAME = AppIcon;
				ASSETCATALOG_COMPILER_GLOBAL_ACCENT_COLOR_NAME = AccentColor;
				CLANG_ENABLE_MODULES = YES;
				CODE_SIGN_STYLE = Automatic;
				CURRENT_PROJECT_VERSION = 1;
				DEVELOPMENT_TEAM = H7NFHG83A7;
				GENERATE_INFOPLIST_FILE = YES;
				INFOPLIST_FILE = Tripitaca/Info.plist;
				INFOPLIST_KEY_UIApplicationSupportsIndirectInputEvents = YES;
				INFOPLIST_KEY_UILaunchStoryboardName = LaunchScreen;
				INFOPLIST_KEY_UIMainStoryboardFile = Main;
				INFOPLIST_KEY_UISupportedInterfaceOrientations = UIInterfaceOrientationPortrait;
				INFOPLIST_KEY_UISupportedInterfaceOrientations_iPad = "UIInterfaceOrientationPortrait UIInterfaceOrientationPortraitUpsideDown";
				LD_RUNPATH_SEARCH_PATHS = (
					"$(inherited)",
					"@executable_path/Frameworks",
				);
				MARKETING_VERSION = 1.0;
				PRODUCT_BUNDLE_IDENTIFIER = dev.ios.Tripitaca;
				PRODUCT_NAME = "$(TARGET_NAME)";
				SWIFT_EMIT_LOC_STRINGS = YES;
				SWIFT_OBJC_BRIDGING_HEADER = "Tripitaca/Tripitaca-Bridging-Header.h";
				SWIFT_VERSION = 5.0;
				TARGETED_DEVICE_FAMILY = "1,2";
			};
			name = Release;
		};
/* End XCBuildConfiguration section */

/* Begin XCConfigurationList section */
		194DBB982981BBA800353FF3 /* Build configuration list for PBXProject "Tripitaca" */ = {
			isa = XCConfigurationList;
			buildConfigurations = (
				194DBBAF2981BBA900353FF3 /* Debug */,
				194DBBB02981BBA900353FF3 /* Release */,
			);
			defaultConfigurationIsVisible = 0;
			defaultConfigurationName = Release;
		};
		194DBBB12981BBA900353FF3 /* Build configuration list for PBXNativeTarget "Tripitaca" */ = {
			isa = XCConfigurationList;
			buildConfigurations = (
				194DBBB22981BBA900353FF3 /* Debug */,
				194DBBB32981BBA900353FF3 /* Release */,
			);
			defaultConfigurationIsVisible = 0;
			defaultConfigurationName = Release;
		};
/* End XCConfigurationList section */
	};
	rootObject = 194DBB952981BBA800353FF3 /* Project object */;
}
